{
  "name": "OtakuFlix",
  "lockfileVersion": 3,
  "requires": true,
  "packages": {
    "": {
      "dependencies": {
        "hls.js": "^1.4.8"
      }
    },
    "node_modules/hls.js": {
      "version": "1.4.8",
      "resolved": "https://registry.npmjs.org/hls.js/-/hls.js-1.4.8.tgz",
      "integrity": "sha512-wYL7W49M6oKv0+P4RW50YkJaxDzgnHMMrN+YoLpow07hVgaedAdX9HfKkehTb04UEfeJhNSef5ucICYPsHOfqg=="
    }
  }
}
